PODS:
  - ApphudSDK (3.3.6)
  - Realm (10.49.2):
    - Realm/Headers (= 10.49.2)
  - Realm/Headers (10.49.2)
  - RealmSwift (10.49.2):
    - Realm (= 10.49.2)

DEPENDENCIES:
  - ApphudSDK
  - RealmSwift

SPEC REPOS:
  https://github.com/CocoaPods/Specs.git:
    - ApphudSDK
    - Realm
    - RealmSwift

SPEC CHECKSUMS:
  ApphudSDK: 4ca6980914b877cbb1b32d8c4360123e0a68b7f0
  Realm: c1a96376972e5f6c26276a0cd6dee15eeefaf53c
  RealmSwift: db6ea9e15607653352baa42321bd9586850b7f04

PODFILE CHECKSUM: 070d1046b495f4db3fc3d92e1c0c1d4e09feaf7a

COCOAPODS: 1.15.2
