{
  "originHash" : "c494df5e261e824773a6543d9f72764d741b99735451bf7613e4b7d5a495e75f",
  "pins" : [
    {
      "identity" : "apphudsdk",
      "kind" : "remoteSourceControl",
      "location" : "https://github.com/apphud/ApphudSDK",
      "state" : {
        "revision" : "8b0a05fabec1a202b4ea716391c40caf5bd3fb1a",
        "version" : "3.4.0"
      }
    },
    {
      "identity" : "gbdeviceinfo",
      "kind" : "remoteSourceControl",
      "location" : "https://github.com/lmirosevic/GBDeviceInfo",
      "state" : {
        "revision" : "f746467bc807c4014adf8acbb6524e3326388d73",
        "version" : "7.2.0"
      }
    },
    {
      "identity" : "spalert",
      "kind" : "remoteSourceControl",
      "location" : "https://github.com/ivanvorobei/SPAlert",
      "state" : {
        "revision" : "3b73be8db5a7e7efaf474c6ed919f5a437d843c9",
        "version" : "5.1.9"
      }
    }
  ],
  "version" : 3
}
