{
  "originHash" : "f64e45612b945fc205f3d8d2d7979328f81e9da8ef5d2cd0f47da2f69f11269f",
  "pins" : [
    {
      "identity" : "apphudsdk",
      "kind" : "remoteSourceControl",
      "location" : "https://github.com/apphud/ApphudSDK",
      "state" : {
        "revision" : "cbdaff4937b9079ecaf2da92b62d8a7254deb0d0",
        "version" : "3.5.0"
      }
    },
    {
      "identity" : "gbdeviceinfo",
      "kind" : "remoteSourceControl",
      "location" : "https://github.com/lmirosevic/GBDeviceInfo",
      "state" : {
        "revision" : "f746467bc807c4014adf8acbb6524e3326388d73",
        "version" : "7.2.0"
      }
    },
    {
      "identity" : "realm-core",
      "kind" : "remoteSourceControl",
      "location" : "https://github.com/realm/realm-core.git",
      "state" : {
        "revision" : "b36f2436c2746c32b1f93dcc06ea8b859671a767",
        "version" : "14.12.1"
      }
    },
    {
      "identity" : "realm-swift",
      "kind" : "remoteSourceControl",
      "location" : "https://github.com/realm/realm-swift",
      "state" : {
        "branch" : "master",
        "revision" : "1bab047fcb78b2fcb66171dec6511cf9021223c3"
      }
    },
    {
      "identity" : "spalert",
      "kind" : "remoteSourceControl",
      "location" : "https://github.com/ivanvorobei/SPAlert",
      "state" : {
        "revision" : "3b73be8db5a7e7efaf474c6ed919f5a437d843c9",
        "version" : "5.1.9"
      }
    }
  ],
  "version" : 3
}
